# This file is automatically @generated by Cargo.
# It is not intended for manual editing.
version = 4

[[package]]
name = "rusty_gui"
version = "0.1.0"
dependencies = [
 "rusty_libc",
 "rusty_std",
 "rusty_win32 0.1.0 (git+https://github.com/baileyrd/rusty_win32?rev=0c13c780069812e859741c383cebc20fe0647e3f)",
 "rusty_wire",
]

[[package]]
name = "rusty_libc"
version = "0.0.1"
source = "git+https://github.com/baileyrd/rusty_libc?rev=73bf01bf20dc8de55a583cbd5719ad829076ccca#73bf01bf20dc8de55a583cbd5719ad829076ccca"

[[package]]
name = "rusty_std"
version = "0.1.0"
source = "git+https://github.com/baileyrd/rusty_std?rev=99135f32afc48e868d3e17b6e234db4162e1c758#99135f32afc48e868d3e17b6e234db4162e1c758"
dependencies = [
 "rusty_libc",
 "rusty_win32 0.1.0 (git+https://github.com/baileyrd/rusty_win32?rev=a128d758c7c5683b908a48eb84d0b0e4308fc586)",
]

[[package]]
name = "rusty_win32"
version = "0.1.0"
source = "git+https://github.com/baileyrd/rusty_win32?rev=0c13c780069812e859741c383cebc20fe0647e3f#0c13c780069812e859741c383cebc20fe0647e3f"

[[package]]
name = "rusty_win32"
version = "0.1.0"
source = "git+https://github.com/baileyrd/rusty_win32?rev=a128d758c7c5683b908a48eb84d0b0e4308fc586#a128d758c7c5683b908a48eb84d0b0e4308fc586"

[[package]]
name = "rusty_wire"
version = "0.1.0"
source = "git+https://github.com/baileyrd/rusty_wire?rev=4f72aa50bd28b965ae44c9bb0d7df72f014ebe0b#4f72aa50bd28b965ae44c9bb0d7df72f014ebe0b"
