# This file is automatically @generated by Cargo.
# It is not intended for manual editing.
version = 4

[[package]]
name = "rusty_libc"
version = "0.0.1"
source = "git+https://github.com/baileyrd/rusty_libc?rev=73bf01bf20dc8de55a583cbd5719ad829076ccca#73bf01bf20dc8de55a583cbd5719ad829076ccca"

[[package]]
name = "rusty_std"
version = "0.1.0"
dependencies = [
 "rusty_libc",
 "rusty_win32",
]

[[package]]
name = "rusty_win32"
version = "0.1.0"
source = "git+https://github.com/baileyrd/rusty_win32?rev=a128d758c7c5683b908a48eb84d0b0e4308fc586#a128d758c7c5683b908a48eb84d0b0e4308fc586"
