# This file is automatically @generated by Cargo.
# It is not intended for manual editing.
version = 4

[[package]]
name = "rusty_font"
version = "0.1.0"
dependencies = [
 "rusty_simd",
 "rusty_std",
 "rusty_wire",
]

[[package]]
name = "rusty_libc"
version = "0.0.1"

[[package]]
name = "rusty_simd"
version = "0.1.0"

[[package]]
name = "rusty_std"
version = "0.1.0"
dependencies = [
 "rusty_libc",
 "rusty_win32",
]

[[package]]
name = "rusty_win32"
version = "0.1.0"

[[package]]
name = "rusty_wire"
version = "0.1.0"
