# This file is automatically @generated by Cargo.
# It is not intended for manual editing.
version = 4

[[package]]
name = "rusty_err"
version = "0.1.0"
dependencies = [
 "rusty_std",
]

[[package]]
name = "rusty_libc"
version = "0.0.1"

[[package]]
name = "rusty_std"
version = "0.1.0"
dependencies = [
 "rusty_libc",
 "rusty_win32",
]

[[package]]
name = "rusty_win32"
version = "0.1.0"
